{
  "name": "Flag-Camp-Community-Property-Management-System",
  "lockfileVersion": 3,
  "requires": true,
  "packages": {
    "": {
      "dependencies": {
        "matrix-rain": "^2.0.6"
      }
    },
    "node_modules/argparse": {
      "version": "1.0.10",
      "resolved": "https://registry.npmjs.org/argparse/-/argparse-1.0.10.tgz",
      "integrity": "sha512-o5Roy6tNG4SL/FOkCAN6RzjiakZS25RLYFrcMttJqbdd8BWrnA+fGz57iN5Pb06pvBGvl5gQ0B48dJlslXvoTg==",
      "dependencies": {
        "sprintf-js": "~1.0.2"
      }
    },
    "node_modules/matrix-rain": {
      "version": "2.0.6",
      "resolved": "https://registry.npmjs.org/matrix-rain/-/matrix-rain-2.0.6.tgz",
      "integrity": "sha512-F+bpLgJPeNJK7/fA5+52kJ1lRhuKTF6XX+dIGem9Yq83RtVAHitB1VUcWm85JDdvfOFzUOjcg3URq+yyEBVrFg==",
      "dependencies": {
        "argparse": "1.0.10"
      },
      "bin": {
        "matrix-rain": "index.js"
      }
    },
    "node_modules/sprintf-js": {
      "version": "1.0.3",
      "resolved": "https://registry.npmjs.org/sprintf-js/-/sprintf-js-1.0.3.tgz",
      "integrity": "sha512-D9cPgkvLlV3t3IzL0D0YLvGA9Ahk4PcvVwUbN0dSGr1aP0Nrt4AEnTUbuGvquEC0mA64Gqt1fzirlRs5ibXx8g=="
    }
  }
}
